<?xml version="1.0" encoding="utf-8"?>
<Project ToolsVersion="4.0" xmlns="http://schemas.microsoft.com/developer/msbuild/2003">
  <ItemGroup>
    <Filter Include="Source Files">
      <UniqueIdentifier>{4FC737F1-C7A5-4376-A066-2A32D752A2FF}</UniqueIdentifier>
      <Extensions>cpp;c;cc;cxx;def;odl;idl;hpj;bat;asm;asmx</Extensions>
    </Filter>
    <Filter Include="Header Files">
      <UniqueIdentifier>{93995380-89BD-4b04-88EB-625FBE52EBFB}</UniqueIdentifier>
      <Extensions>h;hh;hpp;hxx;hm;inl;inc;xsd</Extensions>
    </Filter>
    <Filter Include="Resource Files">
      <UniqueIdentifier>{67DA6AB6-F800-4c08-8B7A-83BB121AAD01}</UniqueIdentifier>
      <Extensions>rc;ico;cur;bmp;dlg;rc2;rct;bin;rgs;gif;jpg;jpeg;jpe;resx;tiff;tif;png;wav;mfcribbon-ms</Extensions>
    </Filter>
  </ItemGroup>
  <ItemGroup>
    <ClCompile Include="src\astrolabe_header_file_writer.cpp">
      <Filter>Source Files</Filter>
    </ClCompile>
    <ClCompile Include="src\gp_astrolabe_header_file_data.cpp">
      <Filter>Source Files</Filter>
    </ClCompile>
    <ClCompile Include="src\gp_astrolabe_header_file_parser.cpp">
      <Filter>Source Files</Filter>
    </ClCompile>
    <ClCompile Include="src\gp_clist.cpp">
      <Filter>Source Files</Filter>
    </ClCompile>
    <ClCompile Include="src\gp_clist_item.cpp">
      <Filter>Source Files</Filter>
    </ClCompile>
    <ClCompile Include="src\gp_covariance.cpp">
      <Filter>Source Files</Filter>
    </ClCompile>
    <ClCompile Include="src\gp_ilist.cpp">
      <Filter>Source Files</Filter>
    </ClCompile>
    <ClCompile Include="src\gp_ispec.cpp">
      <Filter>Source Files</Filter>
    </ClCompile>
    <ClCompile Include="src\gp_llist.cpp">
      <Filter>Source Files</Filter>
    </ClCompile>
    <ClCompile Include="src\gp_lspec.cpp">
      <Filter>Source Files</Filter>
    </ClCompile>
    <ClCompile Include="src\gp_metadata.cpp">
      <Filter>Source Files</Filter>
    </ClCompile>
    <ClCompile Include="src\gp_metadata_parser.cpp">
      <Filter>Source Files</Filter>
    </ClCompile>
    <ClCompile Include="src\gp_mspec.cpp">
      <Filter>Source Files</Filter>
    </ClCompile>
    <ClCompile Include="src\gp_plist.cpp">
      <Filter>Source Files</Filter>
    </ClCompile>
    <ClCompile Include="src\gp_plist_item.cpp">
      <Filter>Source Files</Filter>
    </ClCompile>
    <ClCompile Include="src\gp_pspec.cpp">
      <Filter>Source Files</Filter>
    </ClCompile>
    <ClCompile Include="src\gp_ref.cpp">
      <Filter>Source Files</Filter>
    </ClCompile>
    <ClCompile Include="src\gp_scale.cpp">
      <Filter>Source Files</Filter>
    </ClCompile>
    <ClCompile Include="src\gp_sub_m_list.cpp">
      <Filter>Source Files</Filter>
    </ClCompile>
    <ClCompile Include="src\gp_timespec.cpp">
      <Filter>Source Files</Filter>
    </ClCompile>
    <ClCompile Include="src\gp_tspec.cpp">
      <Filter>Source Files</Filter>
    </ClCompile>
    <ClCompile Include="src\gp_unit.cpp">
      <Filter>Source Files</Filter>
    </ClCompile>
    <ClCompile Include="src\gp_utils.cpp">
      <Filter>Source Files</Filter>
    </ClCompile>
    <ClCompile Include="src\instrument_file_reader_txt_forward.cpp">
      <Filter>Source Files</Filter>
    </ClCompile>
    <ClCompile Include="src\instrument_reader.cpp">
      <Filter>Source Files</Filter>
    </ClCompile>
    <ClCompile Include="src\instrument_socket_reader.cpp">
      <Filter>Source Files</Filter>
    </ClCompile>
    <ClCompile Include="src\instrument_socket_writer.cpp">
      <Filter>Source Files</Filter>
    </ClCompile>
    <ClCompile Include="src\lineage_data.cpp">
      <Filter>Source Files</Filter>
    </ClCompile>
    <ClCompile Include="src\obs_e_based_file_reader.cpp">
      <Filter>Source Files</Filter>
    </ClCompile>
    <ClCompile Include="src\obs_e_based_file_reader_bin.cpp">
      <Filter>Source Files</Filter>
    </ClCompile>
    <ClCompile Include="src\obs_e_based_file_reader_bin_forward.cpp">
      <Filter>Source Files</Filter>
    </ClCompile>
    <ClCompile Include="src\obs_e_based_file_reader_txt.cpp">
      <Filter>Source Files</Filter>
    </ClCompile>
    <ClCompile Include="src\obs_e_based_file_reader_txt_forward.cpp">
      <Filter>Source Files</Filter>
    </ClCompile>
    <ClCompile Include="src\obs_e_based_file_writer.cpp">
      <Filter>Source Files</Filter>
    </ClCompile>
    <ClCompile Include="src\obs_e_based_file_writer_bin.cpp">
      <Filter>Source Files</Filter>
    </ClCompile>
    <ClCompile Include="src\obs_e_based_file_writer_txt.cpp">
      <Filter>Source Files</Filter>
    </ClCompile>
    <ClCompile Include="src\obs_e_based_socket_reader.cpp">
      <Filter>Source Files</Filter>
    </ClCompile>
    <ClCompile Include="src\obs_e_based_socket_writer.cpp">
      <Filter>Source Files</Filter>
    </ClCompile>
    <ClCompile Include="src\obs_residuals_file_reader_bin_forward.cpp">
      <Filter>Source Files</Filter>
    </ClCompile>
    <ClCompile Include="src\obs_residuals_file_reader_txt_forward.cpp">
      <Filter>Source Files</Filter>
    </ClCompile>
    <ClCompile Include="src\obs_residuals_file_writer_bin.cpp">
      <Filter>Source Files</Filter>
    </ClCompile>
    <ClCompile Include="src\obs_residuals_file_writer_txt.cpp">
      <Filter>Source Files</Filter>
    </ClCompile>
    <ClCompile Include="src\obs_residuals_reader.cpp">
      <Filter>Source Files</Filter>
    </ClCompile>
    <ClCompile Include="src\obs_residuals_writer.cpp">
      <Filter>Source Files</Filter>
    </ClCompile>
    <ClCompile Include="src\observation_file_reader_bin_backward.cpp">
      <Filter>Source Files</Filter>
    </ClCompile>
    <ClCompile Include="src\observation_file_reader_bin_forward.cpp">
      <Filter>Source Files</Filter>
    </ClCompile>
    <ClCompile Include="src\observation_file_reader_txt_backward.cpp">
      <Filter>Source Files</Filter>
    </ClCompile>
    <ClCompile Include="src\observation_file_reader_txt_forward.cpp">
      <Filter>Source Files</Filter>
    </ClCompile>
    <ClCompile Include="src\observation_file_writer_bin.cpp">
      <Filter>Source Files</Filter>
    </ClCompile>
    <ClCompile Include="src\observation_file_writer_txt.cpp">
      <Filter>Source Files</Filter>
    </ClCompile>
    <ClCompile Include="src\observation_file_writer_txt_embedded.cpp">
      <Filter>Source Files</Filter>
    </ClCompile>
    <ClCompile Include="src\observation_reader.cpp">
      <Filter>Source Files</Filter>
    </ClCompile>
    <ClCompile Include="src\observation_socket_reader.cpp">
      <Filter>Source Files</Filter>
    </ClCompile>
    <ClCompile Include="src\observation_socket_writer.cpp">
      <Filter>Source Files</Filter>
    </ClCompile>
    <ClCompile Include="src\observation_writer.cpp">
      <Filter>Source Files</Filter>
    </ClCompile>
    <ClCompile Include="src\parameter_file_reader_bin_forward.cpp">
      <Filter>Source Files</Filter>
    </ClCompile>
    <ClCompile Include="src\parameter_file_reader_txt_forward.cpp">
      <Filter>Source Files</Filter>
    </ClCompile>
    <ClCompile Include="src\parameter_file_writer_bin.cpp">
      <Filter>Source Files</Filter>
    </ClCompile>
    <ClCompile Include="src\parameter_file_writer_txt.cpp">
      <Filter>Source Files</Filter>
    </ClCompile>
    <ClCompile Include="src\parameter_reader.cpp">
      <Filter>Source Files</Filter>
    </ClCompile>
    <ClCompile Include="src\parameter_socket_reader.cpp">
      <Filter>Source Files</Filter>
    </ClCompile>
    <ClCompile Include="src\parameter_socket_writer.cpp">
      <Filter>Source Files</Filter>
    </ClCompile>
    <ClCompile Include="src\parameter_writer.cpp">
      <Filter>Source Files</Filter>
    </ClCompile>
    <ClCompile Include="src\r_matrix_based_file_reader.cpp">
      <Filter>Source Files</Filter>
    </ClCompile>
    <ClCompile Include="src\r_matrix_based_file_reader_bin.cpp">
      <Filter>Source Files</Filter>
    </ClCompile>
    <ClCompile Include="src\r_matrix_based_file_reader_txt.cpp">
      <Filter>Source Files</Filter>
    </ClCompile>
    <ClCompile Include="src\r_matrix_based_file_writer.cpp">
      <Filter>Source Files</Filter>
    </ClCompile>
    <ClCompile Include="src\r_matrix_file_reader_bin_backward.cpp">
      <Filter>Source Files</Filter>
    </ClCompile>
    <ClCompile Include="src\r_matrix_file_reader_bin_forward.cpp">
      <Filter>Source Files</Filter>
    </ClCompile>
    <ClCompile Include="src\r_matrix_file_reader_txt_backward.cpp">
      <Filter>Source Files</Filter>
    </ClCompile>
    <ClCompile Include="src\r_matrix_file_reader_txt_forward.cpp">
      <Filter>Source Files</Filter>
    </ClCompile>
    <ClCompile Include="src\r_matrix_file_writer_bin.cpp">
      <Filter>Source Files</Filter>
    </ClCompile>
    <ClCompile Include="src\r_matrix_file_writer_txt.cpp">
      <Filter>Source Files</Filter>
    </ClCompile>
    <ClCompile Include="src\r_matrix_reader.cpp">
      <Filter>Source Files</Filter>
    </ClCompile>
    <ClCompile Include="src\r_matrix_writer.cpp">
      <Filter>Source Files</Filter>
    </ClCompile>
    <ClCompile Include="src\segmented_file_utils.cpp">
      <Filter>Source Files</Filter>
    </ClCompile>
    <ClCompile Include="src\gp_navdir_data.cpp">
      <Filter>Source Files</Filter>
    </ClCompile>
    <ClCompile Include="src\gp_navdir_data_parser.cpp">
      <Filter>Source Files</Filter>
    </ClCompile>
    <ClCompile Include="src\gp_units_manager.cpp">
      <Filter>Source Files</Filter>
    </ClCompile>
    <ClCompile Include="src\gp_clist_item_type.cpp">
      <Filter>Source Files</Filter>
    </ClCompile>
    <ClCompile Include="src\gp_compression_manager.cpp">
      <Filter>Source Files</Filter>
    </ClCompile>
    <ClCompile Include="src\gp_navdir_data_writer.cpp">
      <Filter>Source Files</Filter>
    </ClCompile>
    <ClCompile Include="src\gp_navfile_manager.cpp">
      <Filter>Source Files</Filter>
    </ClCompile>
    <ClCompile Include="src\r_matrix_socket_reader.cpp">
      <Filter>Source Files</Filter>
    </ClCompile>
    <ClCompile Include="src\r_matrix_socket_writer.cpp">
      <Filter>Source Files</Filter>
    </ClCompile>
    <ClCompile Include="src\instrument_file_writer_txt.cpp">
      <Filter>Source Files</Filter>
    </ClCompile>
    <ClCompile Include="src\instrument_writer.cpp">
      <Filter>Source Files</Filter>
    </ClCompile>
    <ClCompile Include="src\gp_ref_code_element.cpp">
      <Filter>Source Files</Filter>
    </ClCompile>
    <ClCompile Include="src\gp_ref_code.cpp">
      <Filter>Source Files</Filter>
    </ClCompile>
    <ClCompile Include="src\astrolabe_contract_violation.cpp">
      <Filter>Source Files</Filter>
    </ClCompile>
    <ClCompile Include="src\astrolabe_exception.cpp">
      <Filter>Source Files</Filter>
    </ClCompile>
    <ClCompile Include="src\astrolabe_postcondition_violation.cpp">
      <Filter>Source Files</Filter>
    </ClCompile>
    <ClCompile Include="src\astrolabe_precondition_violation.cpp">
      <Filter>Source Files</Filter>
    </ClCompile>
    <ClCompile Include="src\astrolabe_time.cpp">
      <Filter>Source Files</Filter>
    </ClCompile>
    <ClCompile Include="src\adp_DOMparser.cpp">
      <Filter>Source Files</Filter>
    </ClCompile>
    <ClCompile Include="src\adp_DOMparser_error_handler.cpp">
      <Filter>Source Files</Filter>
    </ClCompile>
    <ClCompile Include="src\adp_domtree_utilities.cpp">
      <Filter>Source Files</Filter>
    </ClCompile>
    <ClCompile Include="src\adp_parsing_errors.cpp">
      <Filter>Source Files</Filter>
    </ClCompile>
    <ClCompile Include="src\astrolabe_IO.cpp">
      <Filter>Source Files</Filter>
    </ClCompile>
    <ClCompile Include="src\astrolabe_parse_error.cpp">
      <Filter>Source Files</Filter>
    </ClCompile>
    <ClCompile Include="src\astrolabe_string_utilities.cpp">
      <Filter>Source Files</Filter>
    </ClCompile>
    <ClCompile Include="src\PracticalSocket.cpp">
      <Filter>Source Files</Filter>
    </ClCompile>
  </ItemGroup>
  <ItemGroup>
    <ClInclude Include="src\astrolabe_header_file_writer.hpp">
      <Filter>Header Files</Filter>
    </ClInclude>
    <ClInclude Include="src\gp_astrolabe_header_file_data.hpp">
      <Filter>Header Files</Filter>
    </ClInclude>
    <ClInclude Include="src\gp_astrolabe_header_file_parser.hpp">
      <Filter>Header Files</Filter>
    </ClInclude>
    <ClInclude Include="src\gp_clist.hpp">
      <Filter>Header Files</Filter>
    </ClInclude>
    <ClInclude Include="src\gp_clist_item.hpp">
      <Filter>Header Files</Filter>
    </ClInclude>
    <ClInclude Include="src\gp_covariance.hpp">
      <Filter>Header Files</Filter>
    </ClInclude>
    <ClInclude Include="src\gp_ilist.hpp">
      <Filter>Header Files</Filter>
    </ClInclude>
    <ClInclude Include="src\gp_ispec.hpp">
      <Filter>Header Files</Filter>
    </ClInclude>
    <ClInclude Include="src\gp_llist.hpp">
      <Filter>Header Files</Filter>
    </ClInclude>
    <ClInclude Include="src\gp_lspec.hpp">
      <Filter>Header Files</Filter>
    </ClInclude>
    <ClInclude Include="src\gp_metadata.hpp">
      <Filter>Header Files</Filter>
    </ClInclude>
    <ClInclude Include="src\gp_metadata_parser.hpp">
      <Filter>Header Files</Filter>
    </ClInclude>
    <ClInclude Include="src\gp_mspec.hpp">
      <Filter>Header Files</Filter>
    </ClInclude>
    <ClInclude Include="src\gp_plist.hpp">
      <Filter>Header Files</Filter>
    </ClInclude>
    <ClInclude Include="src\gp_plist_item.hpp">
      <Filter>Header Files</Filter>
    </ClInclude>
    <ClInclude Include="src\gp_pspec.hpp">
      <Filter>Header Files</Filter>
    </ClInclude>
    <ClInclude Include="src\gp_ref.hpp">
      <Filter>Header Files</Filter>
    </ClInclude>
    <ClInclude Include="src\gp_scale.hpp">
      <Filter>Header Files</Filter>
    </ClInclude>
    <ClInclude Include="src\gp_sub_m_list.hpp">
      <Filter>Header Files</Filter>
    </ClInclude>
    <ClInclude Include="src\gp_timespec.hpp">
      <Filter>Header Files</Filter>
    </ClInclude>
    <ClInclude Include="src\gp_tspec.hpp">
      <Filter>Header Files</Filter>
    </ClInclude>
    <ClInclude Include="src\gp_unit.hpp">
      <Filter>Header Files</Filter>
    </ClInclude>
    <ClInclude Include="src\gp_utils.hpp">
      <Filter>Header Files</Filter>
    </ClInclude>
    <ClInclude Include="src\instrument_file_reader_txt_forward.hpp">
      <Filter>Header Files</Filter>
    </ClInclude>
    <ClInclude Include="src\instrument_reader.hpp">
      <Filter>Header Files</Filter>
    </ClInclude>
    <ClInclude Include="src\instrument_socket_reader.hpp">
      <Filter>Header Files</Filter>
    </ClInclude>
    <ClInclude Include="src\instrument_socket_writer.hpp">
      <Filter>Header Files</Filter>
    </ClInclude>
    <ClInclude Include="src\lineage_data.hpp">
      <Filter>Header Files</Filter>
    </ClInclude>
    <ClInclude Include="src\obs_e_based_file_reader.hpp">
      <Filter>Header Files</Filter>
    </ClInclude>
    <ClInclude Include="src\obs_e_based_file_reader_bin.hpp">
      <Filter>Header Files</Filter>
    </ClInclude>
    <ClInclude Include="src\obs_e_based_file_reader_bin_forward.hpp">
      <Filter>Header Files</Filter>
    </ClInclude>
    <ClInclude Include="src\obs_e_based_file_reader_txt.hpp">
      <Filter>Header Files</Filter>
    </ClInclude>
    <ClInclude Include="src\obs_e_based_file_reader_txt_forward.hpp">
      <Filter>Header Files</Filter>
    </ClInclude>
    <ClInclude Include="src\obs_e_based_file_writer.hpp">
      <Filter>Header Files</Filter>
    </ClInclude>
    <ClInclude Include="src\obs_e_based_file_writer_bin.hpp">
      <Filter>Header Files</Filter>
    </ClInclude>
    <ClInclude Include="src\obs_e_based_file_writer_txt.hpp">
      <Filter>Header Files</Filter>
    </ClInclude>
    <ClInclude Include="src\obs_e_based_socket_reader.hpp">
      <Filter>Header Files</Filter>
    </ClInclude>
    <ClInclude Include="src\obs_e_based_socket_writer.hpp">
      <Filter>Header Files</Filter>
    </ClInclude>
    <ClInclude Include="src\obs_residuals_file_reader_bin_forward.hpp">
      <Filter>Header Files</Filter>
    </ClInclude>
    <ClInclude Include="src\obs_residuals_file_reader_txt_forward.hpp">
      <Filter>Header Files</Filter>
    </ClInclude>
    <ClInclude Include="src\obs_residuals_file_writer_bin.hpp">
      <Filter>Header Files</Filter>
    </ClInclude>
    <ClInclude Include="src\obs_residuals_file_writer_txt.hpp">
      <Filter>Header Files</Filter>
    </ClInclude>
    <ClInclude Include="src\obs_residuals_reader.hpp">
      <Filter>Header Files</Filter>
    </ClInclude>
    <ClInclude Include="src\obs_residuals_writer.hpp">
      <Filter>Header Files</Filter>
    </ClInclude>
    <ClInclude Include="src\observation_file_reader_bin_backward.hpp">
      <Filter>Header Files</Filter>
    </ClInclude>
    <ClInclude Include="src\observation_file_reader_bin_forward.hpp">
      <Filter>Header Files</Filter>
    </ClInclude>
    <ClInclude Include="src\observation_file_reader_txt_backward.hpp">
      <Filter>Header Files</Filter>
    </ClInclude>
    <ClInclude Include="src\observation_file_reader_txt_forward.hpp">
      <Filter>Header Files</Filter>
    </ClInclude>
    <ClInclude Include="src\observation_file_writer_bin.hpp">
      <Filter>Header Files</Filter>
    </ClInclude>
    <ClInclude Include="src\observation_file_writer_txt.hpp">
      <Filter>Header Files</Filter>
    </ClInclude>
    <ClInclude Include="src\observation_file_writer_txt_embedded.hpp">
      <Filter>Header Files</Filter>
    </ClInclude>
    <ClInclude Include="src\observation_reader.hpp">
      <Filter>Header Files</Filter>
    </ClInclude>
    <ClInclude Include="src\observation_socket_reader.hpp">
      <Filter>Header Files</Filter>
    </ClInclude>
    <ClInclude Include="src\observation_socket_writer.hpp">
      <Filter>Header Files</Filter>
    </ClInclude>
    <ClInclude Include="src\observation_writer.hpp">
      <Filter>Header Files</Filter>
    </ClInclude>
    <ClInclude Include="src\parameter_file_reader_bin_forward.hpp">
      <Filter>Header Files</Filter>
    </ClInclude>
    <ClInclude Include="src\parameter_file_reader_txt_forward.hpp">
      <Filter>Header Files</Filter>
    </ClInclude>
    <ClInclude Include="src\parameter_file_writer_bin.hpp">
      <Filter>Header Files</Filter>
    </ClInclude>
    <ClInclude Include="src\parameter_file_writer_txt.hpp">
      <Filter>Header Files</Filter>
    </ClInclude>
    <ClInclude Include="src\parameter_reader.hpp">
      <Filter>Header Files</Filter>
    </ClInclude>
    <ClInclude Include="src\parameter_socket_reader.hpp">
      <Filter>Header Files</Filter>
    </ClInclude>
    <ClInclude Include="src\parameter_socket_writer.hpp">
      <Filter>Header Files</Filter>
    </ClInclude>
    <ClInclude Include="src\parameter_writer.hpp">
      <Filter>Header Files</Filter>
    </ClInclude>
    <ClInclude Include="src\r_matrix_based_file_reader.hpp">
      <Filter>Header Files</Filter>
    </ClInclude>
    <ClInclude Include="src\r_matrix_based_file_reader_bin.hpp">
      <Filter>Header Files</Filter>
    </ClInclude>
    <ClInclude Include="src\r_matrix_based_file_reader_txt.hpp">
      <Filter>Header Files</Filter>
    </ClInclude>
    <ClInclude Include="src\r_matrix_based_file_writer.hpp">
      <Filter>Header Files</Filter>
    </ClInclude>
    <ClInclude Include="src\r_matrix_file_reader_bin_backward.hpp">
      <Filter>Header Files</Filter>
    </ClInclude>
    <ClInclude Include="src\r_matrix_file_reader_bin_forward.hpp">
      <Filter>Header Files</Filter>
    </ClInclude>
    <ClInclude Include="src\r_matrix_file_reader_txt_backward.hpp">
      <Filter>Header Files</Filter>
    </ClInclude>
    <ClInclude Include="src\r_matrix_file_reader_txt_forward.hpp">
      <Filter>Header Files</Filter>
    </ClInclude>
    <ClInclude Include="src\r_matrix_file_writer_bin.hpp">
      <Filter>Header Files</Filter>
    </ClInclude>
    <ClInclude Include="src\r_matrix_file_writer_txt.hpp">
      <Filter>Header Files</Filter>
    </ClInclude>
    <ClInclude Include="src\r_matrix_reader.hpp">
      <Filter>Header Files</Filter>
    </ClInclude>
    <ClInclude Include="src\r_matrix_writer.hpp">
      <Filter>Header Files</Filter>
    </ClInclude>
    <ClInclude Include="src\segmented_file_utils.hpp">
      <Filter>Header Files</Filter>
    </ClInclude>
    <ClInclude Include="src\gp_navdir_data.hpp">
      <Filter>Header Files</Filter>
    </ClInclude>
    <ClInclude Include="src\gp_navdir_data_parser.hpp">
      <Filter>Header Files</Filter>
    </ClInclude>
    <ClInclude Include="src\gp_units_manager.hpp">
      <Filter>Header Files</Filter>
    </ClInclude>
    <ClInclude Include="src\gp_clist_item_type.hpp">
      <Filter>Header Files</Filter>
    </ClInclude>
    <ClInclude Include="src\gp_compression_manager.hpp">
      <Filter>Header Files</Filter>
    </ClInclude>
    <ClInclude Include="src\gp_navdir_data_writer.hpp">
      <Filter>Header Files</Filter>
    </ClInclude>
    <ClInclude Include="src\gp_navfile_manager.hpp">
      <Filter>Header Files</Filter>
    </ClInclude>
    <ClInclude Include="src\r_matrix_socket_reader.hpp">
      <Filter>Header Files</Filter>
    </ClInclude>
    <ClInclude Include="src\r_matrix_socket_writer.hpp">
      <Filter>Header Files</Filter>
    </ClInclude>
    <ClInclude Include="src\instrument_file_writer_txt.hpp">
      <Filter>Header Files</Filter>
    </ClInclude>
    <ClInclude Include="src\instrument_writer.hpp">
      <Filter>Header Files</Filter>
    </ClInclude>
    <ClInclude Include="src\gp_ref_code_element.hpp">
      <Filter>Header Files</Filter>
    </ClInclude>
    <ClInclude Include="src\gp_ref_code.hpp">
      <Filter>Header Files</Filter>
    </ClInclude>
    <ClInclude Include="src\astrolabe_contract_violation.hpp">
      <Filter>Header Files</Filter>
    </ClInclude>
    <ClInclude Include="src\astrolabe_contracts.hpp">
      <Filter>Header Files</Filter>
    </ClInclude>
    <ClInclude Include="src\astrolabe_exception.hpp">
      <Filter>Header Files</Filter>
    </ClInclude>
    <ClInclude Include="src\astrolabe_exceptions.hpp">
      <Filter>Header Files</Filter>
    </ClInclude>
    <ClInclude Include="src\astrolabe_postcondition_violation.hpp">
      <Filter>Header Files</Filter>
    </ClInclude>
    <ClInclude Include="src\astrolabe_precondition_violation.hpp">
      <Filter>Header Files</Filter>
    </ClInclude>
    <ClInclude Include="src\astrolabe_time.hpp">
      <Filter>Header Files</Filter>
    </ClInclude>
    <ClInclude Include="src\adp_DOMparser.hpp">
      <Filter>Header Files</Filter>
    </ClInclude>
    <ClInclude Include="src\adp_DOMparser_error_handler.hpp">
      <Filter>Header Files</Filter>
    </ClInclude>
    <ClInclude Include="src\adp_domtree_utilities.hpp">
      <Filter>Header Files</Filter>
    </ClInclude>
    <ClInclude Include="src\adp_parsing_errors.hpp">
      <Filter>Header Files</Filter>
    </ClInclude>
    <ClInclude Include="src\adp_stringx.hpp">
      <Filter>Header Files</Filter>
    </ClInclude>
    <ClInclude Include="src\astrolabe_IO.hpp">
      <Filter>Header Files</Filter>
    </ClInclude>
    <ClInclude Include="src\astrolabe_parse_error.hpp">
      <Filter>Header Files</Filter>
    </ClInclude>
    <ClInclude Include="src\astrolabe_string_utilities.hpp">
      <Filter>Header Files</Filter>
    </ClInclude>
    <ClInclude Include="src\PracticalSocket.h">
      <Filter>Header Files</Filter>
    </ClInclude>
  </ItemGroup>
  <ItemGroup>
    <None Include="src\astrolabe_exceptions.pro" />
    <None Include="src\astrolabe_exceptions.pro.user" />
  </ItemGroup>
</Project>